// !$*UTF8*$!
{
	archiveVersion = 1;
	classes = {
	};
	objectVersion = 46;
	objects = {

/* Begin PBXBuildFile section */
		04CFF3E71B20525800A29F19 /* AppDelegate.swift in Sources */ = {isa = PBXBuildFile; fileRef = 04CFF3E61B20525800A29F19 /* AppDelegate.swift */; };
		04CFF3E91B20525800A29F19 /* ViewController.swift in Sources */ = {isa = PBXBuildFile; fileRef = 04CFF3E81B20525800A29F19 /* ViewController.swift */; };
		04CFF3EC1B20525800A29F19 /* Main.storyboard in Resources */ = {isa = PBXBuildFile; fileRef = 04CFF3EA1B20525800A29F19 /* Main.storyboard */; };
		04CFF3EE1B20525800A29F19 /* Images.xcassets in Resources */ = {isa = PBXBuildFile; fileRef = 04CFF3ED1B20525800A29F19 /* Images.xcassets */; };
		04CFF3F11B20525800A29F19 /* LaunchScreen.xib in Resources */ = {isa = PBXBuildFile; fileRef = 04CFF3EF1B20525800A29F19 /* LaunchScreen.xib */; };
		04CFF3FD1B20525800A29F19 /* testingTests.swift in Sources */ = {isa = PBXBuildFile; fileRef = 04CFF3FC1B20525800A29F19 /* testingTests.swift */; };
/* End PBXBuildFile section */

/* Begin PBXContainerItemProxy section */
		04CFF3F71B20525800A29F19 /* PBXContainerItemProxy */ = {
			isa = PBXContainerItemProxy;
			containerPortal = 04CFF3D91B20525800A29F19 /* Project object */;
			proxyType = 1;
			remoteGlobalIDString = 04CFF3E01B20525800A29F19;
			remoteInfo = testing;
		};
/* End PBXContainerItemProxy section */

/* Begin PBXFileReference section */
		04CFF3E11B20525800A29F19 /* testing.app */ = {isa = PBXFileReference; explicitFileType = wrapper.application; includeInIndex = 0; path = testing.app; sourceTree = BUILT_PRODUCTS_DIR; };
		04CFF3E51B20525800A29F19 /* Info.plist */ = {isa = PBXFileReference; lastKnownFileType = text.plist.xml; path = Info.plist; sourceTree = "<group>"; };
		04CFF3E61B20525800A29F19 /* AppDelegate.swift */ = {isa = PBXFileReference; lastKnownFileType = sourcecode.swift; path = AppDelegate.swift; sourceTree = "<group>"; };
		04CFF3E81B20525800A29F19 /* ViewController.swift */ = {isa = PBXFileReference; lastKnownFileType = sourcecode.swift; path = ViewController.swift; sourceTree = "<group>"; };
		04CFF3EB1B20525800A29F19 /* Base */ = {isa = PBXFileReference; lastKnownFileType = file.storyboard; name = Base; path = Base.lproj/Main.storyboard; sourceTree = "<group>"; };
		04CFF3ED1B20525800A29F19 /* Images.xcassets */ = {isa = PBXFileReference; lastKnownFileType = folder.assetcatalog; path = Images.xcassets; sourceTree = "<group>"; };
		04CFF3F01B20525800A29F19 /* Base */ = {isa = PBXFileReference; lastKnownFileType = file.xib; name = Base; path = Base.lproj/LaunchScreen.xib; sourceTree = "<group>"; };
		04CFF3F61B20525800A29F19 /* testingTests.xctest */ = {isa = PBXFileReference; explicitFileType = wrapper.cfbundle; includeInIndex = 0; path = testingTests.xctest; sourceTree = BUILT_PRODUCTS_DIR; };
		04CFF3FB1B20525800A29F19 /* Info.plist */ = {isa = PBXFileReference; lastKnownFileType = text.plist.xml; path = Info.plist; sourceTree = "<group>"; };
		04CFF3FC1B20525800A29F19 /* testingTests.swift */ = {isa = PBXFileReference; lastKnownFileType = sourcecode.swift; path = testingTests.swift; sourceTree = "<group>"; };
/* End PBXFileReference section */

/* Begin PBXFrameworksBuildPhase section */
		04CFF3DE1B20525800A29F19 /* Frameworks */ = {
			isa = PBXFrameworksBuildPhase;
			buildActionMask = 2147483647;
			files = (
			);
			runOnlyForDeploymentPostprocessing = 0;
		};
		04CFF3F31B20525800A29F19 /* Frameworks */ = {
			isa = PBXFrameworksBuildPhase;
			buildActionMask = 2147483647;
			files = (
			);
			runOnlyForDeploymentPostprocessing = 0;
		};
/* End PBXFrameworksBuildPhase section */

/* Begin PBXGroup section */
		04CFF3D81B20525800A29F19 = {
			isa = PBXGroup;
			children = (
				04CFF3E31B20525800A29F19 /* testing */,
				04CFF3F91B20525800A29F19 /* testingTests */,
				04CFF3E21B20525800A29F19 /* Products */,
			);
			sourceTree = "<group>";
		};
		04CFF3E21B20525800A29F19 /* Products */ = {
			isa = PBXGroup;
			children = (
				04CFF3E11B20525800A29F19 /* testing.app */,
				04CFF3F61B20525800A29F19 /* testingTests.xctest */,
			);
			name = Products;
			sourceTree = "<group>";
		};
		04CFF3E31B20525800A29F19 /* testing */ = {
			isa = PBXGroup;
			children = (
				04CFF3E61B20525800A29F19 /* AppDelegate.swift */,
				04CFF3E81B20525800A29F19 /* ViewController.swift */,
				04CFF3EA1B20525800A29F19 /* Main.storyboard */,
				04CFF3ED1B20525800A29F19 /* Images.xcassets */,
				04CFF3EF1B20525800A29F19 /* LaunchScreen.xib */,
				04CFF3E41B20525800A29F19 /* Supporting Files */,
			);
			path = testing;
			sourceTree = "<group>";
		};
		04CFF3E41B20525800A29F19 /* Supporting Files */ = {
			isa = PBXGroup;
			children = (
				04CFF3E51B20525800A29F19 /* Info.plist */,
			);
			name = "Supporting Files";
			sourceTree = "<group>";
		};
		04CFF3F91B20525800A29F19 /* testingTests */ = {
			isa = PBXGroup;
			children = (
				04CFF3FC1B20525800A29F19 /* testingTests.swift */,
				04CFF3FA1B20525800A29F19 /* Supporting Files */,
			);
			path = testingTests;
			sourceTree = "<group>";
		};
		04CFF3FA1B20525800A29F19 /* Supporting Files */ = {
			isa = PBXGroup;
			children = (
				04CFF3FB1B20525800A29F19 /* Info.plist */,
			);
			name = "Supporting Files";
			sourceTree = "<group>";
		};
/* End PBXGroup section */

/* Begin PBXNativeTarget section */
		04CFF3E01B20525800A29F19 /* testing */ = {
			isa = PBXNativeTarget;
			buildConfigurationList = 04CFF4001B20525800A29F19 /* Build configuration list for PBXNativeTarget "testing" */;
			buildPhases = (
				04CFF3DD1B20525800A29F19 /* Sources */,
				04CFF3DE1B20525800A29F19 /* Frameworks */,
				04CFF3DF1B20525800A29F19 /* Resources */,
			);
			buildRules = (
			);
			dependencies = (
			);
			name = testing;
			productName = testing;
			productReference = 04CFF3E11B20525800A29F19 /* testing.app */;
			productType = "com.apple.product-type.application";
		};
		04CFF3F51B20525800A29F19 /* testingTests */ = {
			isa = PBXNativeTarget;
			buildConfigurationList = 04CFF4031B20525800A29F19 /* Build configuration list for PBXNativeTarget "testingTests" */;
			buildPhases = (
				04CFF3F21B20525800A29F19 /* Sources */,
				04CFF3F31B20525800A29F19 /* Frameworks */,
				04CFF3F41B20525800A29F19 /* Resources */,
			);
			buildRules = (
			);
			dependencies = (
				04CFF3F81B20525800A29F19 /* PBXTargetDependency */,
			);
			name = testingTests;
			productName = testingTests;
			productReference = 04CFF3F61B20525800A29F19 /* testingTests.xctest */;
			productType = "com.apple.product-type.bundle.unit-test";
		};
/* End PBXNativeTarget section */

/* Begin PBXProject section */
		04CFF3D91B20525800A29F19 /* Project object */ = {
			isa = PBXProject;
			attributes = {
				LastUpgradeCheck = 0630;
				ORGANIZATIONNAME = "Variya Soft Solutions";
				TargetAttributes = {
					04CFF3E01B20525800A29F19 = {
						CreatedOnToolsVersion = 6.3.1;
					};
					04CFF3F51B20525800A29F19 = {
						CreatedOnToolsVersion = 6.3.1;
						TestTargetID = 04CFF3E01B20525800A29F19;
					};
				};
			};
			buildConfigurationList = 04CFF3DC1B20525800A29F19 /* Build configuration list for PBXProject "testing" */;
			compatibilityVersion = "Xcode 3.2";
			developmentRegion = English;
			hasScannedForEncodings = 0;
			knownRegions = (
				en,
				Base,
			);
			mainGroup = 04CFF3D81B20525800A29F19;
			productRefGroup = 04CFF3E21B20525800A29F19 /* Products */;
			projectDirPath = "";
			projectRoot = "";
			targets = (
				04CFF3E01B20525800A29F19 /* testing */,
				04CFF3F51B20525800A29F19 /* testingTests */,
			);
		};
/* End PBXProject section */

/* Begin PBXResourcesBuildPhase section */
		04CFF3DF1B20525800A29F19 /* Resources */ = {
			isa = PBXResourcesBuildPhase;
			buildActionMask = 2147483647;
			files = (
				04CFF3EC1B20525800A29F19 /* Main.storyboard in Resources */,
				04CFF3F11B20525800A29F19 /* LaunchScreen.xib in Resources */,
				04CFF3EE1B20525800A29F19 /* Images.xcassets in Resources */,
			);
			runOnlyForDeploymentPostprocessing = 0;
		};
		04CFF3F41B20525800A29F19 /* Resources */ = {
			isa = PBXResourcesBuildPhase;
			buildActionMask = 2147483647;
			files = (
			);
			runOnlyForDeploymentPostprocessing = 0;
		};
/* End PBXResourcesBuildPhase section */

/* Begin PBXSourcesBuildPhase section */
		04CFF3DD1B20525800A29F19 /* Sources */ = {
			isa = PBXSourcesBuildPhase;
			buildActionMask = 2147483647;
			files = (
				04CFF3E91B20525800A29F19 /* ViewController.swift in Sources */,
				04CFF3E71B20525800A29F19 /* AppDelegate.swift in Sources */,
			);
			runOnlyForDeploymentPostprocessing = 0;
		};
		04CFF3F21B20525800A29F19 /* Sources */ = {
			isa = PBXSourcesBuildPhase;
			buildActionMask = 2147483647;
			files = (
				04CFF3FD1B20525800A29F19 /* testingTests.swift in Sources */,
			);
			runOnlyForDeploymentPostprocessing = 0;
		};
/* End PBXSourcesBuildPhase section */

/* Begin PBXTargetDependency section */
		04CFF3F81B20525800A29F19 /* PBXTargetDependency */ = {
			isa = PBXTargetDependency;
			target = 04CFF3E01B20525800A29F19 /* testing */;
			targetProxy = 04CFF3F71B20525800A29F19 /* PBXContainerItemProxy */;
		};
/* End PBXTargetDependency section */

/* Begin PBXVariantGroup section */
		04CFF3EA1B20525800A29F19 /* Main.storyboard */ = {
			isa = PBXVariantGroup;
			children = (
				04CFF3EB1B20525800A29F19 /* Base */,
			);
			name = Main.storyboard;
			sourceTree = "<group>";
		};
		04CFF3EF1B20525800A29F19 /* LaunchScreen.xib */ = {
			isa = PBXVariantGroup;
			children = (
				04CFF3F01B20525800A29F19 /* Base */,
			);
			name = LaunchScreen.xib;
			sourceTree = "<group>";
		};
/* End PBXVariantGroup section */

/* Begin XCBuildConfiguration section */
		04CFF3FE1B20525800A29F19 /* Debug */ = {
			isa = XCBuildConfiguration;
			buildSettings = {
				ALWAYS_SEARCH_USER_PATHS = NO;
				CLANG_CXX_LANGUAGE_STANDARD = "gnu++0x";
				CLANG_CXX_LIBRARY = "libc++";
				CLANG_ENABLE_MODULES = YES;
				CLANG_ENABLE_OBJC_ARC = YES;
				CLANG_WARN_BOOL_CONVERSION = YES;
				CLANG_WARN_CONSTANT_CONVERSION = YES;
				CLANG_WARN_DIRECT_OBJC_ISA_USAGE = YES_ERROR;
				CLANG_WARN_EMPTY_BODY = YES;
				CLANG_WARN_ENUM_CONVERSION = YES;
				CLANG_WARN_INT_CONVERSION = YES;
				CLANG_WARN_OBJC_ROOT_CLASS = YES_ERROR;
				CLANG_WARN_UNREACHABLE_CODE = YES;
				CLANG_WARN__DUPLICATE_METHOD_MATCH = YES;
				"CODE_SIGN_IDENTITY[sdk=iphoneos*]" = "iPhone Developer";
				COPY_PHASE_STRIP = NO;
				DEBUG_INFORMATION_FORMAT = "dwarf-with-dsym";
				ENABLE_STRICT_OBJC_MSGSEND = YES;
				GCC_C_LANGUAGE_STANDARD = gnu99;
				GCC_DYNAMIC_NO_PIC = NO;
				GCC_NO_COMMON_BLOCKS = YES;
				GCC_OPTIMIZATION_LEVEL = 0;
				GCC_PREPROCESSOR_DEFINITIONS = (
					"DEBUG=1",
					"$(inherited)",
				);
				GCC_SYMBOLS_PRIVATE_EXTERN = NO;
				GCC_WARN_64_TO_32_BIT_CONVERSION = YES;
				GCC_WARN_ABOUT_RETURN_TYPE = YES_ERROR;
				GCC_WARN_UNDECLARED_SELECTOR = YES;
				GCC_WARN_UNINITIALIZED_AUTOS = YES_AGGRESSIVE;
				GCC_WARN_UNUSED_FUNCTION = YES;
				GCC_WARN_UNUSED_VARIABLE = YES;
				IPHONEOS_DEPLOYMENT_TARGET = 8.3;
				MTL_ENABLE_DEBUG_INFO = YES;
				ONLY_ACTIVE_ARCH = YES;
				SDKROOT = iphoneos;
				SWIFT_OPTIMIZATION_LEVEL = "-Onone";
				TARGETED_DEVICE_FAMILY = "1,2";
			};
			name = Debug;
		};
		04CFF3FF1B20525800A29F19 /* Release */ = {
			isa = XCBuildConfiguration;
			buildSettings = {
				ALWAYS_SEARCH_USER_PATHS = NO;
				CLANG_CXX_LANGUAGE_STANDARD = "gnu++0x";
				CLANG_CXX_LIBRARY = "libc++";
				CLANG_ENABLE_MODULES = YES;
				CLANG_ENABLE_OBJC_ARC = YES;
				CLANG_WARN_BOOL_CONVERSION = YES;
				CLANG_WARN_CONSTANT_CONVERSION = YES;
				CLANG_WARN_DIRECT_OBJC_ISA_USAGE = YES_ERROR;
				CLANG_WARN_EMPTY_BODY = YES;
				CLANG_WARN_ENUM_CONVERSION = YES;
				CLANG_WARN_INT_CONVERSION = YES;
				CLANG_WARN_OBJC_ROOT_CLASS = YES_ERROR;
				CLANG_WARN_UNREACHABLE_CODE = YES;
				CLANG_WARN__DUPLICATE_METHOD_MATCH = YES;
				"CODE_SIGN_IDENTITY[sdk=iphoneos*]" = "iPhone Developer";
				COPY_PHASE_STRIP = NO;
				DEBUG_INFORMATION_FORMAT = "dwarf-with-dsym";
				ENABLE_NS_ASSERTIONS = NO;
				ENABLE_STRICT_OBJC_MSGSEND = YES;
				GCC_C_LANGUAGE_STANDARD = gnu99;
				GCC_NO_COMMON_BLOCKS = YES;
				GCC_WARN_64_TO_32_BIT_CONVERSION = YES;
				GCC_WARN_ABOUT_RETURN_TYPE = YES_ERROR;
				GCC_WARN_UNDECLARED_SELECTOR = YES;
				GCC_WARN_UNINITIALIZED_AUTOS = YES_AGGRESSIVE;
				GCC_WARN_UNUSED_FUNCTION = YES;
				GCC_WARN_UNUSED_VARIABLE = YES;
				IPHONEOS_DEPLOYMENT_TARGET = 8.3;
				MTL_ENABLE_DEBUG_INFO = NO;
				SDKROOT = iphoneos;
				TARGETED_DEVICE_FAMILY = "1,2";
				VALIDATE_PRODUCT = YES;
			};
			name = Release;
		};
		04CFF4011B20525800A29F19 /* Debug */ = {
			isa = XCBuildConfiguration;
			buildSettings = {
				ASSETCATALOG_COMPILER_APPICON_NAME = AppIcon;
				INFOPLIST_FILE = testing/Info.plist;
				LD_RUNPATH_SEARCH_PATHS = "$(inherited) @executable_path/Frameworks";
				PRODUCT_NAME = "$(TARGET_NAME)";
			};
			name = Debug;
		};
		04CFF4021B20525800A29F19 /* Release */ = {
			isa = XCBuildConfiguration;
			buildSettings = {
				ASSETCATALOG_COMPILER_APPICON_NAME = AppIcon;
				INFOPLIST_FILE = testing/Info.plist;
				LD_RUNPATH_SEARCH_PATHS = "$(inherited) @executable_path/Frameworks";
				PRODUCT_NAME = "$(TARGET_NAME)";
			};
			name = Release;
		};
		04CFF4041B20525800A29F19 /* Debug */ = {
			isa = XCBuildConfiguration;
			buildSettings = {
				BUNDLE_LOADER = "$(TEST_HOST)";
				FRAMEWORK_SEARCH_PATHS = (
					"$(SDKROOT)/Developer/Library/Frameworks",
					"$(inherited)",
				);
				GCC_PREPROCESSOR_DEFINITIONS = (
					"DEBUG=1",
					"$(inherited)",
				);
				INFOPLIST_FILE = testingTests/Info.plist;
				LD_RUNPATH_SEARCH_PATHS = "$(inherited) @executable_path/Frameworks @loader_path/Frameworks";
				PRODUCT_NAME = "$(TARGET_NAME)";
				TEST_HOST = "$(BUILT_PRODUCTS_DIR)/testing.app/testing";
			};
			name = Debug;
		};
		04CFF4051B20525800A29F19 /* Release */ = {
			isa = XCBuildConfiguration;
			buildSettings = {
				BUNDLE_LOADER = "$(TEST_HOST)";
				FRAMEWORK_SEARCH_PATHS = (
					"$(SDKROOT)/Developer/Library/Frameworks",
					"$(inherited)",
				);
				INFOPLIST_FILE = testingTests/Info.plist;
				LD_RUNPATH_SEARCH_PATHS = "$(inherited) @executable_path/Frameworks @loader_path/Frameworks";
				PRODUCT_NAME = "$(TARGET_NAME)";
				TEST_HOST = "$(BUILT_PRODUCTS_DIR)/testing.app/testing";
			};
			name = Release;
		};
/* End XCBuildConfiguration section */

/* Begin XCConfigurationList section */
		04CFF3DC1B20525800A29F19 /* Build configuration list for PBXProject "testing" */ = {
			isa = XCConfigurationList;
			buildConfigurations = (
				04CFF3FE1B20525800A29F19 /* Debug */,
				04CFF3FF1B20525800A29F19 /* Release */,
			);
			defaultConfigurationIsVisible = 0;
			defaultConfigurationName = Release;
		};
		04CFF4001B20525800A29F19 /* Build configuration list for PBXNativeTarget "testing" */ = {
			isa = XCConfigurationList;
			buildConfigurations = (
				04CFF4011B20525800A29F19 /* Debug */,
				04CFF4021B20525800A29F19 /* Release */,
			);
			defaultConfigurationIsVisible = 0;
		};
		04CFF4031B20525800A29F19 /* Build configuration list for PBXNativeTarget "testingTests" */ = {
			isa = XCConfigurationList;
			buildConfigurations = (
				04CFF4041B20525800A29F19 /* Debug */,
				04CFF4051B20525800A29F19 /* Release */,
			);
			defaultConfigurationIsVisible = 0;
		};
/* End XCConfigurationList section */
	};
	rootObject = 04CFF3D91B20525800A29F19 /* Project object */;
}
